
Microsoft Visual Studio Solution File, Format Version 12.00
# Visual Studio Version 17
VisualStudioVersion = 17.7.34024.191
MinimumVisualStudioVersion = 10.0.40219.1
Project("{9A19103F-16F7-4668-BE54-9A1E7A4F7556}") = "Web", "Web\Web.csproj", "{CDB112DF-98C1-4031-A6A6-8489012639E6}"
EndProject
Project("{FAE04EC0-301F-11D3-BF4B-00C04F79EFBC}") = "Application", "Application\Application.csproj", "{04E37B4C-F4CF-43D2-8311-64CA4925967C}"
EndProject
Project("{FAE04EC0-301F-11D3-BF4B-00C04F79EFBC}") = "Application.Abstractions", "Application.Abstractions\Application.Abstractions.csproj", "{F33C3707-F577-4286-AD3B-13BF4D2888B4}"
EndProject
Project("{FAE04EC0-301F-11D3-BF4B-00C04F79EFBC}") = "Domain", "Domain\Domain.csproj", "{70F6BEF3-1396-4223-9CC5-30147803512B}"
EndProject
Project("{FAE04EC0-301F-11D3-BF4B-00C04F79EFBC}") = "Domain.Model", "Domain.Model\Domain.Model.csproj", "{E2A36476-1178-421F-A853-A6E78C894CE9}"
EndProject
Project("{FAE04EC0-301F-11D3-BF4B-00C04F79EFBC}") = "Infrastructure.SqlServer", "Infrastructure.SqlServer\Infrastructure.SqlServer.csproj", "{6D3FEE2B-7F95-4B8C-8501-DF27C550F5B4}"
EndProject
Project("{FAE04EC0-301F-11D3-BF4B-00C04F79EFBC}") = "Tests", "Tests\Tests.csproj", "{07B274BD-6825-455C-A9BC-66D6E9C929E4}"
EndProject
Project("{FAE04EC0-301F-11D3-BF4B-00C04F79EFBC}") = "DatabaseMigrator", "DatabaseMigrator\DatabaseMigrator.csproj", "{26D889A3-D85F-46D0-828E-E906420CABD8}"
EndProject
Global
	GlobalSection(SolutionConfigurationPlatforms) = preSolution
		Debug|Any CPU = Debug|Any CPU
		Release|Any CPU = Release|Any CPU
	EndGlobalSection
	GlobalSection(ProjectConfigurationPlatforms) = postSolution
		{CDB112DF-98C1-4031-A6A6-8489012639E6}.Debug|Any CPU.ActiveCfg = Debug|Any CPU
		{CDB112DF-98C1-4031-A6A6-8489012639E6}.Debug|Any CPU.Build.0 = Debug|Any CPU
		{CDB112DF-98C1-4031-A6A6-8489012639E6}.Release|Any CPU.ActiveCfg = Release|Any CPU
		{CDB112DF-98C1-4031-A6A6-8489012639E6}.Release|Any CPU.Build.0 = Release|Any CPU
		{04E37B4C-F4CF-43D2-8311-64CA4925967C}.Debug|Any CPU.ActiveCfg = Debug|Any CPU
		{04E37B4C-F4CF-43D2-8311-64CA4925967C}.Debug|Any CPU.Build.0 = Debug|Any CPU
		{04E37B4C-F4CF-43D2-8311-64CA4925967C}.Release|Any CPU.ActiveCfg = Release|Any CPU
		{04E37B4C-F4CF-43D2-8311-64CA4925967C}.Release|Any CPU.Build.0 = Release|Any CPU
		{F33C3707-F577-4286-AD3B-13BF4D2888B4}.Debug|Any CPU.ActiveCfg = Debug|Any CPU
		{F33C3707-F577-4286-AD3B-13BF4D2888B4}.Debug|Any CPU.Build.0 = Debug|Any CPU
		{F33C3707-F577-4286-AD3B-13BF4D2888B4}.Release|Any CPU.ActiveCfg = Release|Any CPU
		{F33C3707-F577-4286-AD3B-13BF4D2888B4}.Release|Any CPU.Build.0 = Release|Any CPU
		{70F6BEF3-1396-4223-9CC5-30147803512B}.Debug|Any CPU.ActiveCfg = Debug|Any CPU
		{70F6BEF3-1396-4223-9CC5-30147803512B}.Debug|Any CPU.Build.0 = Debug|Any CPU
		{70F6BEF3-1396-4223-9CC5-30147803512B}.Release|Any CPU.ActiveCfg = Release|Any CPU
		{70F6BEF3-1396-4223-9CC5-30147803512B}.Release|Any CPU.Build.0 = Release|Any CPU
		{E2A36476-1178-421F-A853-A6E78C894CE9}.Debug|Any CPU.ActiveCfg = Debug|Any CPU
		{E2A36476-1178-421F-A853-A6E78C894CE9}.Debug|Any CPU.Build.0 = Debug|Any CPU
		{E2A36476-1178-421F-A853-A6E78C894CE9}.Release|Any CPU.ActiveCfg = Release|Any CPU
		{E2A36476-1178-421F-A853-A6E78C894CE9}.Release|Any CPU.Build.0 = Release|Any CPU
		{6D3FEE2B-7F95-4B8C-8501-DF27C550F5B4}.Debug|Any CPU.ActiveCfg = Debug|Any CPU
		{6D3FEE2B-7F95-4B8C-8501-DF27C550F5B4}.Debug|Any CPU.Build.0 = Debug|Any CPU
		{6D3FEE2B-7F95-4B8C-8501-DF27C550F5B4}.Release|Any CPU.ActiveCfg = Release|Any CPU
		{6D3FEE2B-7F95-4B8C-8501-DF27C550F5B4}.Release|Any CPU.Build.0 = Release|Any CPU
		{07B274BD-6825-455C-A9BC-66D6E9C929E4}.Debug|Any CPU.ActiveCfg = Debug|Any CPU
		{07B274BD-6825-455C-A9BC-66D6E9C929E4}.Debug|Any CPU.Build.0 = Debug|Any CPU
		{07B274BD-6825-455C-A9BC-66D6E9C929E4}.Release|Any CPU.ActiveCfg = Release|Any CPU
		{07B274BD-6825-455C-A9BC-66D6E9C929E4}.Release|Any CPU.Build.0 = Release|Any CPU
		{26D889A3-D85F-46D0-828E-E906420CABD8}.Debug|Any CPU.ActiveCfg = Debug|Any CPU
		{26D889A3-D85F-46D0-828E-E906420CABD8}.Debug|Any CPU.Build.0 = Debug|Any CPU
		{26D889A3-D85F-46D0-828E-E906420CABD8}.Release|Any CPU.ActiveCfg = Release|Any CPU
		{26D889A3-D85F-46D0-828E-E906420CABD8}.Release|Any CPU.Build.0 = Release|Any CPU
	EndGlobalSection
	GlobalSection(SolutionProperties) = preSolution
		HideSolutionNode = FALSE
	EndGlobalSection
	GlobalSection(ExtensibilityGlobals) = postSolution
		SolutionGuid = {A4063FBE-84D2-4A44-BDDD-3902BA80CCF0}
	EndGlobalSection
EndGlobal
